
Microsoft Visual Studio Solution File, Format Version 12.00
# Visual Studio Version 17
VisualStudioVersion = 17.13.35931.197
MinimumVisualStudioVersion = 10.0.40219.1
Project("{2150E333-8FDC-42A3-9474-1A3956D46DE8}") = "FactoryPattern", "FactoryPattern", "{02EA681E-C7D8-13C7-8484-4AC65E1B71E8}"
EndProject
Project("{FAE04EC0-301F-11D3-BF4B-00C04F79EFBC}") = "Notification.Sending", "FactoryPattern\Notification.Sending.csproj", "{A5B7739F-3871-4A9B-A15D-F11ECE6BBDDF}"
EndProject
Project("{FAE04EC0-301F-11D3-BF4B-00C04F79EFBC}") = "Loans.Processing", "PipelinePattern\Loans.Processing.csproj", "{D4440A74-18FA-47E6-BD75-9A31EE348601}"
EndProject
Project("{2150E333-8FDC-42A3-9474-1A3956D46DE8}") = "PipelinePattern", "PipelinePattern", "{5B1CFB3F-6668-4411-B132-9C0A26212BF0}"
EndProject
Project("{2150E333-8FDC-42A3-9474-1A3956D46DE8}") = "SpecificationPattern", "SpecificationPattern", "{F98B2451-9A9A-4152-9BBD-CFE2EBF6A7C2}"
EndProject
Project("{FAE04EC0-301F-11D3-BF4B-00C04F79EFBC}") = "SpecificationPattern", "SpecificationPattern\SpecificationPattern.csproj", "{4916D2C2-E692-41FA-8307-8EBAF4240F34}"
EndProject
Global
	GlobalSection(SolutionConfigurationPlatforms) = preSolution
		Debug|Any CPU = Debug|Any CPU
		Release|Any CPU = Release|Any CPU
	EndGlobalSection
	GlobalSection(ProjectConfigurationPlatforms) = postSolution
		{A5B7739F-3871-4A9B-A15D-F11ECE6BBDDF}.Debug|Any CPU.ActiveCfg = Debug|Any CPU
		{A5B7739F-3871-4A9B-A15D-F11ECE6BBDDF}.Debug|Any CPU.Build.0 = Debug|Any CPU
		{A5B7739F-3871-4A9B-A15D-F11ECE6BBDDF}.Release|Any CPU.ActiveCfg = Release|Any CPU
		{A5B7739F-3871-4A9B-A15D-F11ECE6BBDDF}.Release|Any CPU.Build.0 = Release|Any CPU
		{D4440A74-18FA-47E6-BD75-9A31EE348601}.Debug|Any CPU.ActiveCfg = Debug|Any CPU
		{D4440A74-18FA-47E6-BD75-9A31EE348601}.Debug|Any CPU.Build.0 = Debug|Any CPU
		{D4440A74-18FA-47E6-BD75-9A31EE348601}.Release|Any CPU.ActiveCfg = Release|Any CPU
		{D4440A74-18FA-47E6-BD75-9A31EE348601}.Release|Any CPU.Build.0 = Release|Any CPU
		{4916D2C2-E692-41FA-8307-8EBAF4240F34}.Debug|Any CPU.ActiveCfg = Debug|Any CPU
		{4916D2C2-E692-41FA-8307-8EBAF4240F34}.Debug|Any CPU.Build.0 = Debug|Any CPU
		{4916D2C2-E692-41FA-8307-8EBAF4240F34}.Release|Any CPU.ActiveCfg = Release|Any CPU
		{4916D2C2-E692-41FA-8307-8EBAF4240F34}.Release|Any CPU.Build.0 = Release|Any CPU
	EndGlobalSection
	GlobalSection(SolutionProperties) = preSolution
		HideSolutionNode = FALSE
	EndGlobalSection
	GlobalSection(NestedProjects) = preSolution
		{A5B7739F-3871-4A9B-A15D-F11ECE6BBDDF} = {02EA681E-C7D8-13C7-8484-4AC65E1B71E8}
		{D4440A74-18FA-47E6-BD75-9A31EE348601} = {5B1CFB3F-6668-4411-B132-9C0A26212BF0}
		{4916D2C2-E692-41FA-8307-8EBAF4240F34} = {F98B2451-9A9A-4152-9BBD-CFE2EBF6A7C2}
	EndGlobalSection
	GlobalSection(ExtensibilityGlobals) = postSolution
		SolutionGuid = {E97F84E1-CE2B-471D-B9A3-506C3E93930A}
	EndGlobalSection
EndGlobal
